
Microsoft Visual Studio Solution File, Format Version 12.00
# Visual Studio 15
VisualStudioVersion = 15.0.28010.2050
MinimumVisualStudioVersion = 10.0.40219.1
Project("{FAE04EC0-301F-11D3-BF4B-00C04F79EFBC}") = "IdentityModelBindingIssue", "IdentityModelBindingIssue\IdentityModelBindingIssue.csproj", "{002B2905-94AF-468F-A503-F03AC4DAAD5F}"
EndProject
Global
	GlobalSection(SolutionConfigurationPlatforms) = preSolution
		Debug|Any CPU = Debug|Any CPU
		Release|Any CPU = Release|Any CPU
	EndGlobalSection
	GlobalSection(ProjectConfigurationPlatforms) = postSolution
		{002B2905-94AF-468F-A503-F03AC4DAAD5F}.Debug|Any CPU.ActiveCfg = Debug|Any CPU
		{002B2905-94AF-468F-A503-F03AC4DAAD5F}.Debug|Any CPU.Build.0 = Debug|Any CPU
		{002B2905-94AF-468F-A503-F03AC4DAAD5F}.Release|Any CPU.ActiveCfg = Release|Any CPU
		{002B2905-94AF-468F-A503-F03AC4DAAD5F}.Release|Any CPU.Build.0 = Release|Any CPU
	EndGlobalSection
	GlobalSection(SolutionProperties) = preSolution
		HideSolutionNode = FALSE
	EndGlobalSection
	GlobalSection(ExtensibilityGlobals) = postSolution
		SolutionGuid = {6A4C4513-9AE6-42F8-BB5E-F999A9C9670A}
	EndGlobalSection
EndGlobal
